
Microsoft Visual Studio Solution File, Format Version 12.00
# Visual Studio Version 17
VisualStudioVersion = 17.10.34916.146
MinimumVisualStudioVersion = 10.0.40219.1
Project("{FAE04EC0-301F-11D3-BF4B-00C04F79EFBC}") = "EasySave-V1", "EasySave-V1.csproj", "{34BD9FD4-5897-471F-B25D-84B51796C0F6}"
EndProject
Project("{FAE04EC0-301F-11D3-BF4B-00C04F79EFBC}") = "BackupApp.Logging", "..\BackupApp.Logging\BackupApp.Logging.csproj", "{5767BF2E-CA7F-4D2E-A9BE-7B24680B6B76}"
EndProject
Global
	GlobalSection(SolutionConfigurationPlatforms) = preSolution
		Debug|Any CPU = Debug|Any CPU
		Release|Any CPU = Release|Any CPU
	EndGlobalSection
	GlobalSection(ProjectConfigurationPlatforms) = postSolution
		{34BD9FD4-5897-471F-B25D-84B51796C0F6}.Debug|Any CPU.ActiveCfg = Debug|Any CPU
		{34BD9FD4-5897-471F-B25D-84B51796C0F6}.Debug|Any CPU.Build.0 = Debug|Any CPU
		{34BD9FD4-5897-471F-B25D-84B51796C0F6}.Release|Any CPU.ActiveCfg = Release|Any CPU
		{34BD9FD4-5897-471F-B25D-84B51796C0F6}.Release|Any CPU.Build.0 = Release|Any CPU
		{5767BF2E-CA7F-4D2E-A9BE-7B24680B6B76}.Debug|Any CPU.ActiveCfg = Debug|Any CPU
		{5767BF2E-CA7F-4D2E-A9BE-7B24680B6B76}.Debug|Any CPU.Build.0 = Debug|Any CPU
		{5767BF2E-CA7F-4D2E-A9BE-7B24680B6B76}.Release|Any CPU.ActiveCfg = Release|Any CPU
		{5767BF2E-CA7F-4D2E-A9BE-7B24680B6B76}.Release|Any CPU.Build.0 = Release|Any CPU
	EndGlobalSection
	GlobalSection(SolutionProperties) = preSolution
		HideSolutionNode = FALSE
	EndGlobalSection
	GlobalSection(ExtensibilityGlobals) = postSolution
		SolutionGuid = {CD80D8A2-8783-4820-9BF4-B8336733F63B}
	EndGlobalSection
EndGlobal
